
Microsoft Visual Studio Solution File, Format Version 12.00
# Visual Studio Version 17
VisualStudioVersion = 17.4.33403.182
MinimumVisualStudioVersion = 10.0.40219.1
Project("{FAE04EC0-301F-11D3-BF4B-00C04F79EFBC}") = "LessonOne", "LessonOne\LessonOne.csproj", "{8EB47FA4-8B5F-493E-A56C-1674A014F717}"
EndProject
Global
	GlobalSection(SolutionConfigurationPlatforms) = preSolution
		Debug|Any CPU = Debug|Any CPU
		Release|Any CPU = Release|Any CPU
	EndGlobalSection
	GlobalSection(ProjectConfigurationPlatforms) = postSolution
		{8EB47FA4-8B5F-493E-A56C-1674A014F717}.Debug|Any CPU.ActiveCfg = Debug|Any CPU
		{8EB47FA4-8B5F-493E-A56C-1674A014F717}.Debug|Any CPU.Build.0 = Debug|Any CPU
		{8EB47FA4-8B5F-493E-A56C-1674A014F717}.Release|Any CPU.ActiveCfg = Release|Any CPU
		{8EB47FA4-8B5F-493E-A56C-1674A014F717}.Release|Any CPU.Build.0 = Release|Any CPU
	EndGlobalSection
	GlobalSection(SolutionProperties) = preSolution
		HideSolutionNode = FALSE
	EndGlobalSection
	GlobalSection(ExtensibilityGlobals) = postSolution
		SolutionGuid = {9934B104-C6E0-4BBC-9453-92F8C44F4AB9}
	EndGlobalSection
EndGlobal
