
Microsoft Visual Studio Solution File, Format Version 12.00
# Visual Studio Version 17
VisualStudioVersion = 17.5.33502.453
MinimumVisualStudioVersion = 10.0.40219.1
Project("{FAE04EC0-301F-11D3-BF4B-00C04F79EFBC}") = "LessonTwo", "LessonTwo\LessonTwo.csproj", "{F9979AC0-6348-44A9-9E62-F7EDEAB9A972}"
EndProject
Global
	GlobalSection(SolutionConfigurationPlatforms) = preSolution
		Debug|Any CPU = Debug|Any CPU
		Release|Any CPU = Release|Any CPU
	EndGlobalSection
	GlobalSection(ProjectConfigurationPlatforms) = postSolution
		{F9979AC0-6348-44A9-9E62-F7EDEAB9A972}.Debug|Any CPU.ActiveCfg = Debug|Any CPU
		{F9979AC0-6348-44A9-9E62-F7EDEAB9A972}.Debug|Any CPU.Build.0 = Debug|Any CPU
		{F9979AC0-6348-44A9-9E62-F7EDEAB9A972}.Release|Any CPU.ActiveCfg = Release|Any CPU
		{F9979AC0-6348-44A9-9E62-F7EDEAB9A972}.Release|Any CPU.Build.0 = Release|Any CPU
	EndGlobalSection
	GlobalSection(SolutionProperties) = preSolution
		HideSolutionNode = FALSE
	EndGlobalSection
	GlobalSection(ExtensibilityGlobals) = postSolution
		SolutionGuid = {74E39CA5-0AA2-47BE-A3DD-CB6314607B4E}
	EndGlobalSection
EndGlobal
